
Microsoft Visual Studio Solution File, Format Version 12.00
# Visual Studio 15
Project("{FAE04EC0-301F-11D3-BF4B-00C04F79EFBC}") = "AgileEngineImages.DataAccess", "AgileEngineImages.DataAccess\AgileEngineImages.DataAccess.csproj", "{FF72E14B-7BE6-479B-822A-BB784F453F18}"
EndProject
Project("{FAE04EC0-301F-11D3-BF4B-00C04F79EFBC}") = "AgileEngiteImages.ApplicationServices", "AgileEngiteImages.ApplicationServices\AgileEngiteImages.ApplicationServices.csproj", "{331028E6-EBF7-4EA6-BC06-179578DDD8BE}"
EndProject
Project("{FAE04EC0-301F-11D3-BF4B-00C04F79EFBC}") = "AgileEngineImages.Domain", "AgileEngineImages.Domain\AgileEngineImages.Domain.csproj", "{8A9CB979-2C49-4020-AADB-C9E046A4365A}"
EndProject
Project("{FAE04EC0-301F-11D3-BF4B-00C04F79EFBC}") = "AgileEngineImages.Common", "AgileEngineImages.Common\AgileEngineImages.Common.csproj", "{4DF004B7-46E1-46C3-B1AB-B7A661206B65}"
EndProject
Project("{FAE04EC0-301F-11D3-BF4B-00C04F79EFBC}") = "AgileEngineImages.Domain.Common", "AgileEngineImages.Domain.Common\AgileEngineImages.Domain.Common.csproj", "{015A8FE7-D7EB-4FA6-96B6-1AE0C6CBCB37}"
EndProject
Global
	GlobalSection(SolutionConfigurationPlatforms) = preSolution
		Debug|anycpu = Debug|anycpu
		Release|anycpu = Release|anycpu
	EndGlobalSection
	GlobalSection(ProjectConfigurationPlatforms) = postSolution
		{FF72E14B-7BE6-479B-822A-BB784F453F18}.Debug|anycpu.ActiveCfg = Debug|Any CPU
		{FF72E14B-7BE6-479B-822A-BB784F453F18}.Debug|anycpu.Build.0 = Debug|Any CPU
		{FF72E14B-7BE6-479B-822A-BB784F453F18}.Release|anycpu.ActiveCfg = Release|Any CPU
		{FF72E14B-7BE6-479B-822A-BB784F453F18}.Release|anycpu.Build.0 = Release|Any CPU
		{331028E6-EBF7-4EA6-BC06-179578DDD8BE}.Debug|anycpu.ActiveCfg = Debug|Any CPU
		{331028E6-EBF7-4EA6-BC06-179578DDD8BE}.Debug|anycpu.Build.0 = Debug|Any CPU
		{331028E6-EBF7-4EA6-BC06-179578DDD8BE}.Release|anycpu.ActiveCfg = Release|Any CPU
		{331028E6-EBF7-4EA6-BC06-179578DDD8BE}.Release|anycpu.Build.0 = Release|Any CPU
		{8A9CB979-2C49-4020-AADB-C9E046A4365A}.Debug|anycpu.ActiveCfg = Debug|Any CPU
		{8A9CB979-2C49-4020-AADB-C9E046A4365A}.Debug|anycpu.Build.0 = Debug|Any CPU
		{8A9CB979-2C49-4020-AADB-C9E046A4365A}.Release|anycpu.ActiveCfg = Release|Any CPU
		{8A9CB979-2C49-4020-AADB-C9E046A4365A}.Release|anycpu.Build.0 = Release|Any CPU
		{4DF004B7-46E1-46C3-B1AB-B7A661206B65}.Debug|anycpu.ActiveCfg = Debug|Any CPU
		{4DF004B7-46E1-46C3-B1AB-B7A661206B65}.Debug|anycpu.Build.0 = Debug|Any CPU
		{4DF004B7-46E1-46C3-B1AB-B7A661206B65}.Release|anycpu.ActiveCfg = Release|Any CPU
		{4DF004B7-46E1-46C3-B1AB-B7A661206B65}.Release|anycpu.Build.0 = Release|Any CPU
		{015A8FE7-D7EB-4FA6-96B6-1AE0C6CBCB37}.Debug|anycpu.ActiveCfg = Debug|Any CPU
		{015A8FE7-D7EB-4FA6-96B6-1AE0C6CBCB37}.Debug|anycpu.Build.0 = Debug|Any CPU
		{015A8FE7-D7EB-4FA6-96B6-1AE0C6CBCB37}.Release|anycpu.ActiveCfg = Release|Any CPU
		{015A8FE7-D7EB-4FA6-96B6-1AE0C6CBCB37}.Release|anycpu.Build.0 = Release|Any CPU
	EndGlobalSection
EndGlobal
