
Microsoft Visual Studio Solution File, Format Version 12.00
# Visual Studio 15
Project("{FAE04EC0-301F-11D3-BF4B-00C04F79EFBC}") = "AgileEngineImages.DataAccess", "AgileEngineImages.DataAccess\AgileEngineImages.DataAccess.csproj", "{FF72E14B-7BE6-479B-822A-BB784F453F18}"
EndProject
Project("{FAE04EC0-301F-11D3-BF4B-00C04F79EFBC}") = "AgileEntineImages.Domain.Common", "AgileEntineImages.Domain.Common\AgileEntineImages.Domain.Common.csproj", "{FD9C55EC-0262-4FE2-B5B5-C6A9CDEA7812}"
EndProject
Global
	GlobalSection(SolutionConfigurationPlatforms) = preSolution
		Debug|anycpu = Debug|anycpu
		Release|anycpu = Release|anycpu
	EndGlobalSection
	GlobalSection(ProjectConfigurationPlatforms) = postSolution
		{FF72E14B-7BE6-479B-822A-BB784F453F18}.Debug|anycpu.ActiveCfg = Debug|Any CPU
		{FF72E14B-7BE6-479B-822A-BB784F453F18}.Debug|anycpu.Build.0 = Debug|Any CPU
		{FF72E14B-7BE6-479B-822A-BB784F453F18}.Release|anycpu.ActiveCfg = Release|Any CPU
		{FF72E14B-7BE6-479B-822A-BB784F453F18}.Release|anycpu.Build.0 = Release|Any CPU
		{FD9C55EC-0262-4FE2-B5B5-C6A9CDEA7812}.Debug|anycpu.ActiveCfg = Debug|Any CPU
		{FD9C55EC-0262-4FE2-B5B5-C6A9CDEA7812}.Debug|anycpu.Build.0 = Debug|Any CPU
		{FD9C55EC-0262-4FE2-B5B5-C6A9CDEA7812}.Release|anycpu.ActiveCfg = Release|Any CPU
		{FD9C55EC-0262-4FE2-B5B5-C6A9CDEA7812}.Release|anycpu.Build.0 = Release|Any CPU
	EndGlobalSection
EndGlobal
